
Microsoft Visual Studio Solution File, Format Version 12.00
# Visual Studio Version 17
VisualStudioVersion = 17.14.36623.8 d17.14
MinimumVisualStudioVersion = 10.0.40219.1
Project("{FAE04EC0-301F-11D3-BF4B-00C04F79EFBC}") = "MauiAppHotel", "MauiAppHotel\MauiAppHotel.csproj", "{091BB488-4124-47E9-B205-DDD29FC18DC1}"
EndProject
Global
	GlobalSection(SolutionConfigurationPlatforms) = preSolution
		Debug|Any CPU = Debug|Any CPU
		Release|Any CPU = Release|Any CPU
	EndGlobalSection
	GlobalSection(ProjectConfigurationPlatforms) = postSolution
		{091BB488-4124-47E9-B205-DDD29FC18DC1}.Debug|Any CPU.ActiveCfg = Debug|Any CPU
		{091BB488-4124-47E9-B205-DDD29FC18DC1}.Debug|Any CPU.Build.0 = Debug|Any CPU
		{091BB488-4124-47E9-B205-DDD29FC18DC1}.Release|Any CPU.ActiveCfg = Release|Any CPU
		{091BB488-4124-47E9-B205-DDD29FC18DC1}.Release|Any CPU.Build.0 = Release|Any CPU
	EndGlobalSection
	GlobalSection(SolutionProperties) = preSolution
		HideSolutionNode = FALSE
	EndGlobalSection
	GlobalSection(ExtensibilityGlobals) = postSolution
		SolutionGuid = {A42BFC53-F0C6-4087-A253-1A15733E1371}
	EndGlobalSection
EndGlobal
